
Microsoft Visual Studio Solution File, Format Version 12.00
# Visual Studio 15
VisualStudioVersion = 15.0.28307.902
MinimumVisualStudioVersion = 10.0.40219.1
Project("{FAE04EC0-301F-11D3-BF4B-00C04F79EFBC}") = "MAir", "MAir\MAir.csproj", "{F66FE4D6-DE25-426A-8029-F4E74A448DAA}"
	ProjectSection(ProjectDependencies) = postProject
		{B1A20BA4-2411-4146-BC51-CF6E11A3D0DD} = {B1A20BA4-2411-4146-BC51-CF6E11A3D0DD}
	EndProjectSection
EndProject
Project("{FAE04EC0-301F-11D3-BF4B-00C04F79EFBC}") = "Sys", "Sys\Sys.csproj", "{6EC1A83A-2507-47D4-BD97-E32C72C3A271}"
EndProject
Project("{FAE04EC0-301F-11D3-BF4B-00C04F79EFBC}") = "HouTai", "HouTai\HouTai.csproj", "{48C70047-B47B-4617-9B79-35142869BE9B}"
EndProject
Project("{FAE04EC0-301F-11D3-BF4B-00C04F79EFBC}") = "YuanGong", "YuanGong\YuanGong.csproj", "{6F771DEA-8F4A-4338-9B41-4E275FA91237}"
EndProject
Project("{FAE04EC0-301F-11D3-BF4B-00C04F79EFBC}") = "ZXPX", "ZXPX\ZXPX.csproj", "{5A6858A8-9925-4B69-B79A-82E304F48C6E}"
EndProject
Project("{FAE04EC0-301F-11D3-BF4B-00C04F79EFBC}") = "DQZC", "DQZC\DQZC.csproj", "{E516ABDB-58A7-451E-BD80-34FA3BB6777E}"
EndProject
Project("{FAE04EC0-301F-11D3-BF4B-00C04F79EFBC}") = "BaoSong", "BaoSong\BaoSong.csproj", "{B1A20BA4-2411-4146-BC51-CF6E11A3D0DD}"
EndProject
Project("{FAE04EC0-301F-11D3-BF4B-00C04F79EFBC}") = "SheBei", "SheBei\SheBei.csproj", "{18EA3917-DE17-4789-A21C-BF2DDDD548F2}"
EndProject
Project("{FAE04EC0-301F-11D3-BF4B-00C04F79EFBC}") = "ZiLiao", "ZiLiao\ZiLiao.csproj", "{E06B6358-DE64-4A8C-B5C0-56D52BBAF4EB}"
EndProject
Project("{FAE04EC0-301F-11D3-BF4B-00C04F79EFBC}") = "Server", "Server\Server.csproj", "{EBFBA520-AC75-4CC2-B88C-1BED1A791E50}"
EndProject
Project("{FAE04EC0-301F-11D3-BF4B-00C04F79EFBC}") = "YingJi", "YingJi\YingJi.csproj", "{6E157F39-C431-4793-9703-B7607370AAB2}"
EndProject
Project("{FAE04EC0-301F-11D3-BF4B-00C04F79EFBC}") = "SKJS", "SKJS\SKJS.csproj", "{B27FBA83-F039-40FE-9DEE-C75EA6695ADA}"
EndProject
Project("{FAE04EC0-301F-11D3-BF4B-00C04F79EFBC}") = "AQJG", "AQJG\AQJG.csproj", "{52C2F3A9-5D53-4785-B60C-A149F7C51A19}"
EndProject
Project("{FAE04EC0-301F-11D3-BF4B-00C04F79EFBC}") = "JXGL", "JXGL\JXGL.csproj", "{D6EB5D2D-8A0E-4D47-BFDE-DC251444E213}"
EndProject
Project("{FAE04EC0-301F-11D3-BF4B-00C04F79EFBC}") = "MenHu", "MenHu\MenHu.csproj", "{C2F97A75-C4BD-40DF-B59A-2160BF586615}"
EndProject
Project("{FAE04EC0-301F-11D3-BF4B-00C04F79EFBC}") = "ZXXX", "ZXXX\ZXXX.csproj", "{C4B845B6-D7AF-46D1-81A0-08ABC28C2820}"
EndProject
Project("{FAE04EC0-301F-11D3-BF4B-00C04F79EFBC}") = "JianSuo", "JianSuo\JianSuo.csproj", "{96697E9E-40E6-4539-A947-94866042BA82}"
EndProject
Global
	GlobalSection(SolutionConfigurationPlatforms) = preSolution
		Debug|Any CPU = Debug|Any CPU
		Debug|Mixed Platforms = Debug|Mixed Platforms
		Debug|x86 = Debug|x86
		EasyTest|Any CPU = EasyTest|Any CPU
		EasyTest|Mixed Platforms = EasyTest|Mixed Platforms
		EasyTest|x86 = EasyTest|x86
		Release|Any CPU = Release|Any CPU
		Release|Mixed Platforms = Release|Mixed Platforms
		Release|x86 = Release|x86
	EndGlobalSection
	GlobalSection(ProjectConfigurationPlatforms) = postSolution
		{F66FE4D6-DE25-426A-8029-F4E74A448DAA}.Debug|Any CPU.ActiveCfg = Debug|Any CPU
		{F66FE4D6-DE25-426A-8029-F4E74A448DAA}.Debug|Any CPU.Build.0 = Debug|Any CPU
		{F66FE4D6-DE25-426A-8029-F4E74A448DAA}.Debug|Mixed Platforms.ActiveCfg = Debug|Any CPU
		{F66FE4D6-DE25-426A-8029-F4E74A448DAA}.Debug|Mixed Platforms.Build.0 = Debug|Any CPU
		{F66FE4D6-DE25-426A-8029-F4E74A448DAA}.Debug|x86.ActiveCfg = Debug|Any CPU
		{F66FE4D6-DE25-426A-8029-F4E74A448DAA}.Debug|x86.Build.0 = Debug|Any CPU
		{F66FE4D6-DE25-426A-8029-F4E74A448DAA}.EasyTest|Any CPU.ActiveCfg = Release|Any CPU
		{F66FE4D6-DE25-426A-8029-F4E74A448DAA}.EasyTest|Any CPU.Build.0 = Release|Any CPU
		{F66FE4D6-DE25-426A-8029-F4E74A448DAA}.EasyTest|Mixed Platforms.ActiveCfg = Release|Any CPU
		{F66FE4D6-DE25-426A-8029-F4E74A448DAA}.EasyTest|Mixed Platforms.Build.0 = Release|Any CPU
		{F66FE4D6-DE25-426A-8029-F4E74A448DAA}.EasyTest|x86.ActiveCfg = Release|Any CPU
		{F66FE4D6-DE25-426A-8029-F4E74A448DAA}.Release|Any CPU.ActiveCfg = Release|Any CPU
		{F66FE4D6-DE25-426A-8029-F4E74A448DAA}.Release|Any CPU.Build.0 = Release|Any CPU
		{F66FE4D6-DE25-426A-8029-F4E74A448DAA}.Release|Mixed Platforms.ActiveCfg = Release|Any CPU
		{F66FE4D6-DE25-426A-8029-F4E74A448DAA}.Release|Mixed Platforms.Build.0 = Release|Any CPU
		{F66FE4D6-DE25-426A-8029-F4E74A448DAA}.Release|x86.ActiveCfg = Release|Any CPU
		{F66FE4D6-DE25-426A-8029-F4E74A448DAA}.Release|x86.Build.0 = Release|Any CPU
		{6EC1A83A-2507-47D4-BD97-E32C72C3A271}.Debug|Any CPU.ActiveCfg = Debug|Any CPU
		{6EC1A83A-2507-47D4-BD97-E32C72C3A271}.Debug|Any CPU.Build.0 = Debug|Any CPU
		{6EC1A83A-2507-47D4-BD97-E32C72C3A271}.Debug|Mixed Platforms.ActiveCfg = Debug|Any CPU
		{6EC1A83A-2507-47D4-BD97-E32C72C3A271}.Debug|Mixed Platforms.Build.0 = Debug|Any CPU
		{6EC1A83A-2507-47D4-BD97-E32C72C3A271}.Debug|x86.ActiveCfg = Debug|Any CPU
		{6EC1A83A-2507-47D4-BD97-E32C72C3A271}.Debug|x86.Build.0 = Debug|Any CPU
		{6EC1A83A-2507-47D4-BD97-E32C72C3A271}.EasyTest|Any CPU.ActiveCfg = Release|Any CPU
		{6EC1A83A-2507-47D4-BD97-E32C72C3A271}.EasyTest|Any CPU.Build.0 = Release|Any CPU
		{6EC1A83A-2507-47D4-BD97-E32C72C3A271}.EasyTest|Mixed Platforms.ActiveCfg = Release|Any CPU
		{6EC1A83A-2507-47D4-BD97-E32C72C3A271}.EasyTest|Mixed Platforms.Build.0 = Release|Any CPU
		{6EC1A83A-2507-47D4-BD97-E32C72C3A271}.EasyTest|x86.ActiveCfg = Release|Any CPU
		{6EC1A83A-2507-47D4-BD97-E32C72C3A271}.Release|Any CPU.ActiveCfg = Release|Any CPU
		{6EC1A83A-2507-47D4-BD97-E32C72C3A271}.Release|Any CPU.Build.0 = Release|Any CPU
		{6EC1A83A-2507-47D4-BD97-E32C72C3A271}.Release|Mixed Platforms.ActiveCfg = Release|Any CPU
		{6EC1A83A-2507-47D4-BD97-E32C72C3A271}.Release|Mixed Platforms.Build.0 = Release|Any CPU
		{6EC1A83A-2507-47D4-BD97-E32C72C3A271}.Release|x86.ActiveCfg = Release|Any CPU
		{6EC1A83A-2507-47D4-BD97-E32C72C3A271}.Release|x86.Build.0 = Release|Any CPU
		{48C70047-B47B-4617-9B79-35142869BE9B}.Debug|Any CPU.ActiveCfg = Debug|Any CPU
		{48C70047-B47B-4617-9B79-35142869BE9B}.Debug|Any CPU.Build.0 = Debug|Any CPU
		{48C70047-B47B-4617-9B79-35142869BE9B}.Debug|Mixed Platforms.ActiveCfg = Debug|Any CPU
		{48C70047-B47B-4617-9B79-35142869BE9B}.Debug|Mixed Platforms.Build.0 = Debug|Any CPU
		{48C70047-B47B-4617-9B79-35142869BE9B}.Debug|x86.ActiveCfg = Debug|Any CPU
		{48C70047-B47B-4617-9B79-35142869BE9B}.Debug|x86.Build.0 = Debug|Any CPU
		{48C70047-B47B-4617-9B79-35142869BE9B}.EasyTest|Any CPU.ActiveCfg = Release|Any CPU
		{48C70047-B47B-4617-9B79-35142869BE9B}.EasyTest|Any CPU.Build.0 = Release|Any CPU
		{48C70047-B47B-4617-9B79-35142869BE9B}.EasyTest|Mixed Platforms.ActiveCfg = Release|Any CPU
		{48C70047-B47B-4617-9B79-35142869BE9B}.EasyTest|Mixed Platforms.Build.0 = Release|Any CPU
		{48C70047-B47B-4617-9B79-35142869BE9B}.EasyTest|x86.ActiveCfg = Release|Any CPU
		{48C70047-B47B-4617-9B79-35142869BE9B}.Release|Any CPU.ActiveCfg = Release|Any CPU
		{48C70047-B47B-4617-9B79-35142869BE9B}.Release|Any CPU.Build.0 = Release|Any CPU
		{48C70047-B47B-4617-9B79-35142869BE9B}.Release|Mixed Platforms.ActiveCfg = Release|Any CPU
		{48C70047-B47B-4617-9B79-35142869BE9B}.Release|Mixed Platforms.Build.0 = Release|Any CPU
		{48C70047-B47B-4617-9B79-35142869BE9B}.Release|x86.ActiveCfg = Release|Any CPU
		{48C70047-B47B-4617-9B79-35142869BE9B}.Release|x86.Build.0 = Release|Any CPU
		{6F771DEA-8F4A-4338-9B41-4E275FA91237}.Debug|Any CPU.ActiveCfg = Debug|Any CPU
		{6F771DEA-8F4A-4338-9B41-4E275FA91237}.Debug|Any CPU.Build.0 = Debug|Any CPU
		{6F771DEA-8F4A-4338-9B41-4E275FA91237}.Debug|Mixed Platforms.ActiveCfg = Debug|Any CPU
		{6F771DEA-8F4A-4338-9B41-4E275FA91237}.Debug|Mixed Platforms.Build.0 = Debug|Any CPU
		{6F771DEA-8F4A-4338-9B41-4E275FA91237}.Debug|x86.ActiveCfg = Debug|Any CPU
		{6F771DEA-8F4A-4338-9B41-4E275FA91237}.Debug|x86.Build.0 = Debug|Any CPU
		{6F771DEA-8F4A-4338-9B41-4E275FA91237}.EasyTest|Any CPU.ActiveCfg = Release|Any CPU
		{6F771DEA-8F4A-4338-9B41-4E275FA91237}.EasyTest|Any CPU.Build.0 = Release|Any CPU
		{6F771DEA-8F4A-4338-9B41-4E275FA91237}.EasyTest|Mixed Platforms.ActiveCfg = Release|Any CPU
		{6F771DEA-8F4A-4338-9B41-4E275FA91237}.EasyTest|Mixed Platforms.Build.0 = Release|Any CPU
		{6F771DEA-8F4A-4338-9B41-4E275FA91237}.EasyTest|x86.ActiveCfg = Release|Any CPU
		{6F771DEA-8F4A-4338-9B41-4E275FA91237}.Release|Any CPU.ActiveCfg = Release|Any CPU
		{6F771DEA-8F4A-4338-9B41-4E275FA91237}.Release|Any CPU.Build.0 = Release|Any CPU
		{6F771DEA-8F4A-4338-9B41-4E275FA91237}.Release|Mixed Platforms.ActiveCfg = Release|Any CPU
		{6F771DEA-8F4A-4338-9B41-4E275FA91237}.Release|Mixed Platforms.Build.0 = Release|Any CPU
		{6F771DEA-8F4A-4338-9B41-4E275FA91237}.Release|x86.ActiveCfg = Release|Any CPU
		{6F771DEA-8F4A-4338-9B41-4E275FA91237}.Release|x86.Build.0 = Release|Any CPU
		{5A6858A8-9925-4B69-B79A-82E304F48C6E}.Debug|Any CPU.ActiveCfg = Debug|Any CPU
		{5A6858A8-9925-4B69-B79A-82E304F48C6E}.Debug|Any CPU.Build.0 = Debug|Any CPU
		{5A6858A8-9925-4B69-B79A-82E304F48C6E}.Debug|Mixed Platforms.ActiveCfg = Debug|Any CPU
		{5A6858A8-9925-4B69-B79A-82E304F48C6E}.Debug|Mixed Platforms.Build.0 = Debug|Any CPU
		{5A6858A8-9925-4B69-B79A-82E304F48C6E}.Debug|x86.ActiveCfg = Debug|Any CPU
		{5A6858A8-9925-4B69-B79A-82E304F48C6E}.Debug|x86.Build.0 = Debug|Any CPU
		{5A6858A8-9925-4B69-B79A-82E304F48C6E}.EasyTest|Any CPU.ActiveCfg = Release|Any CPU
		{5A6858A8-9925-4B69-B79A-82E304F48C6E}.EasyTest|Any CPU.Build.0 = Release|Any CPU
		{5A6858A8-9925-4B69-B79A-82E304F48C6E}.EasyTest|Mixed Platforms.ActiveCfg = Release|Any CPU
		{5A6858A8-9925-4B69-B79A-82E304F48C6E}.EasyTest|Mixed Platforms.Build.0 = Release|Any CPU
		{5A6858A8-9925-4B69-B79A-82E304F48C6E}.EasyTest|x86.ActiveCfg = Release|Any CPU
		{5A6858A8-9925-4B69-B79A-82E304F48C6E}.Release|Any CPU.ActiveCfg = Release|Any CPU
		{5A6858A8-9925-4B69-B79A-82E304F48C6E}.Release|Any CPU.Build.0 = Release|Any CPU
		{5A6858A8-9925-4B69-B79A-82E304F48C6E}.Release|Mixed Platforms.ActiveCfg = Release|Any CPU
		{5A6858A8-9925-4B69-B79A-82E304F48C6E}.Release|Mixed Platforms.Build.0 = Release|Any CPU
		{5A6858A8-9925-4B69-B79A-82E304F48C6E}.Release|x86.ActiveCfg = Release|Any CPU
		{5A6858A8-9925-4B69-B79A-82E304F48C6E}.Release|x86.Build.0 = Release|Any CPU
		{E516ABDB-58A7-451E-BD80-34FA3BB6777E}.Debug|Any CPU.ActiveCfg = Debug|Any CPU
		{E516ABDB-58A7-451E-BD80-34FA3BB6777E}.Debug|Any CPU.Build.0 = Debug|Any CPU
		{E516ABDB-58A7-451E-BD80-34FA3BB6777E}.Debug|Mixed Platforms.ActiveCfg = Debug|Any CPU
		{E516ABDB-58A7-451E-BD80-34FA3BB6777E}.Debug|Mixed Platforms.Build.0 = Debug|Any CPU
		{E516ABDB-58A7-451E-BD80-34FA3BB6777E}.Debug|x86.ActiveCfg = Debug|Any CPU
		{E516ABDB-58A7-451E-BD80-34FA3BB6777E}.Debug|x86.Build.0 = Debug|Any CPU
		{E516ABDB-58A7-451E-BD80-34FA3BB6777E}.EasyTest|Any CPU.ActiveCfg = Release|Any CPU
		{E516ABDB-58A7-451E-BD80-34FA3BB6777E}.EasyTest|Any CPU.Build.0 = Release|Any CPU
		{E516ABDB-58A7-451E-BD80-34FA3BB6777E}.EasyTest|Mixed Platforms.ActiveCfg = Release|Any CPU
		{E516ABDB-58A7-451E-BD80-34FA3BB6777E}.EasyTest|Mixed Platforms.Build.0 = Release|Any CPU
		{E516ABDB-58A7-451E-BD80-34FA3BB6777E}.EasyTest|x86.ActiveCfg = Release|Any CPU
		{E516ABDB-58A7-451E-BD80-34FA3BB6777E}.Release|Any CPU.ActiveCfg = Release|Any CPU
		{E516ABDB-58A7-451E-BD80-34FA3BB6777E}.Release|Any CPU.Build.0 = Release|Any CPU
		{E516ABDB-58A7-451E-BD80-34FA3BB6777E}.Release|Mixed Platforms.ActiveCfg = Release|Any CPU
		{E516ABDB-58A7-451E-BD80-34FA3BB6777E}.Release|Mixed Platforms.Build.0 = Release|Any CPU
		{E516ABDB-58A7-451E-BD80-34FA3BB6777E}.Release|x86.ActiveCfg = Release|Any CPU
		{E516ABDB-58A7-451E-BD80-34FA3BB6777E}.Release|x86.Build.0 = Release|Any CPU
		{B1A20BA4-2411-4146-BC51-CF6E11A3D0DD}.Debug|Any CPU.ActiveCfg = Debug|Any CPU
		{B1A20BA4-2411-4146-BC51-CF6E11A3D0DD}.Debug|Any CPU.Build.0 = Debug|Any CPU
		{B1A20BA4-2411-4146-BC51-CF6E11A3D0DD}.Debug|Mixed Platforms.ActiveCfg = Debug|Any CPU
		{B1A20BA4-2411-4146-BC51-CF6E11A3D0DD}.Debug|Mixed Platforms.Build.0 = Debug|Any CPU
		{B1A20BA4-2411-4146-BC51-CF6E11A3D0DD}.Debug|x86.ActiveCfg = Debug|Any CPU
		{B1A20BA4-2411-4146-BC51-CF6E11A3D0DD}.Debug|x86.Build.0 = Debug|Any CPU
		{B1A20BA4-2411-4146-BC51-CF6E11A3D0DD}.EasyTest|Any CPU.ActiveCfg = Release|Any CPU
		{B1A20BA4-2411-4146-BC51-CF6E11A3D0DD}.EasyTest|Any CPU.Build.0 = Release|Any CPU
		{B1A20BA4-2411-4146-BC51-CF6E11A3D0DD}.EasyTest|Mixed Platforms.ActiveCfg = Release|Any CPU
		{B1A20BA4-2411-4146-BC51-CF6E11A3D0DD}.EasyTest|Mixed Platforms.Build.0 = Release|Any CPU
		{B1A20BA4-2411-4146-BC51-CF6E11A3D0DD}.EasyTest|x86.ActiveCfg = Release|Any CPU
		{B1A20BA4-2411-4146-BC51-CF6E11A3D0DD}.Release|Any CPU.ActiveCfg = Release|Any CPU
		{B1A20BA4-2411-4146-BC51-CF6E11A3D0DD}.Release|Any CPU.Build.0 = Release|Any CPU
		{B1A20BA4-2411-4146-BC51-CF6E11A3D0DD}.Release|Mixed Platforms.ActiveCfg = Release|Any CPU
		{B1A20BA4-2411-4146-BC51-CF6E11A3D0DD}.Release|Mixed Platforms.Build.0 = Release|Any CPU
		{B1A20BA4-2411-4146-BC51-CF6E11A3D0DD}.Release|x86.ActiveCfg = Release|Any CPU
		{B1A20BA4-2411-4146-BC51-CF6E11A3D0DD}.Release|x86.Build.0 = Release|Any CPU
		{18EA3917-DE17-4789-A21C-BF2DDDD548F2}.Debug|Any CPU.ActiveCfg = Debug|Any CPU
		{18EA3917-DE17-4789-A21C-BF2DDDD548F2}.Debug|Any CPU.Build.0 = Debug|Any CPU
		{18EA3917-DE17-4789-A21C-BF2DDDD548F2}.Debug|Mixed Platforms.ActiveCfg = Debug|Any CPU
		{18EA3917-DE17-4789-A21C-BF2DDDD548F2}.Debug|Mixed Platforms.Build.0 = Debug|Any CPU
		{18EA3917-DE17-4789-A21C-BF2DDDD548F2}.Debug|x86.ActiveCfg = Debug|Any CPU
		{18EA3917-DE17-4789-A21C-BF2DDDD548F2}.Debug|x86.Build.0 = Debug|Any CPU
		{18EA3917-DE17-4789-A21C-BF2DDDD548F2}.EasyTest|Any CPU.ActiveCfg = Release|Any CPU
		{18EA3917-DE17-4789-A21C-BF2DDDD548F2}.EasyTest|Any CPU.Build.0 = Release|Any CPU
		{18EA3917-DE17-4789-A21C-BF2DDDD548F2}.EasyTest|Mixed Platforms.ActiveCfg = Release|Any CPU
		{18EA3917-DE17-4789-A21C-BF2DDDD548F2}.EasyTest|Mixed Platforms.Build.0 = Release|Any CPU
		{18EA3917-DE17-4789-A21C-BF2DDDD548F2}.EasyTest|x86.ActiveCfg = Release|Any CPU
		{18EA3917-DE17-4789-A21C-BF2DDDD548F2}.Release|Any CPU.ActiveCfg = Release|Any CPU
		{18EA3917-DE17-4789-A21C-BF2DDDD548F2}.Release|Any CPU.Build.0 = Release|Any CPU
		{18EA3917-DE17-4789-A21C-BF2DDDD548F2}.Release|Mixed Platforms.ActiveCfg = Release|Any CPU
		{18EA3917-DE17-4789-A21C-BF2DDDD548F2}.Release|Mixed Platforms.Build.0 = Release|Any CPU
		{18EA3917-DE17-4789-A21C-BF2DDDD548F2}.Release|x86.ActiveCfg = Release|Any CPU
		{18EA3917-DE17-4789-A21C-BF2DDDD548F2}.Release|x86.Build.0 = Release|Any CPU
		{E06B6358-DE64-4A8C-B5C0-56D52BBAF4EB}.Debug|Any CPU.ActiveCfg = Debug|Any CPU
		{E06B6358-DE64-4A8C-B5C0-56D52BBAF4EB}.Debug|Any CPU.Build.0 = Debug|Any CPU
		{E06B6358-DE64-4A8C-B5C0-56D52BBAF4EB}.Debug|Mixed Platforms.ActiveCfg = Debug|Any CPU
		{E06B6358-DE64-4A8C-B5C0-56D52BBAF4EB}.Debug|Mixed Platforms.Build.0 = Debug|Any CPU
		{E06B6358-DE64-4A8C-B5C0-56D52BBAF4EB}.Debug|x86.ActiveCfg = Debug|Any CPU
		{E06B6358-DE64-4A8C-B5C0-56D52BBAF4EB}.Debug|x86.Build.0 = Debug|Any CPU
		{E06B6358-DE64-4A8C-B5C0-56D52BBAF4EB}.EasyTest|Any CPU.ActiveCfg = Release|Any CPU
		{E06B6358-DE64-4A8C-B5C0-56D52BBAF4EB}.EasyTest|Any CPU.Build.0 = Release|Any CPU
		{E06B6358-DE64-4A8C-B5C0-56D52BBAF4EB}.EasyTest|Mixed Platforms.ActiveCfg = Release|Any CPU
		{E06B6358-DE64-4A8C-B5C0-56D52BBAF4EB}.EasyTest|Mixed Platforms.Build.0 = Release|Any CPU
		{E06B6358-DE64-4A8C-B5C0-56D52BBAF4EB}.EasyTest|x86.ActiveCfg = Release|Any CPU
		{E06B6358-DE64-4A8C-B5C0-56D52BBAF4EB}.Release|Any CPU.ActiveCfg = Release|Any CPU
		{E06B6358-DE64-4A8C-B5C0-56D52BBAF4EB}.Release|Any CPU.Build.0 = Release|Any CPU
		{E06B6358-DE64-4A8C-B5C0-56D52BBAF4EB}.Release|Mixed Platforms.ActiveCfg = Release|Any CPU
		{E06B6358-DE64-4A8C-B5C0-56D52BBAF4EB}.Release|Mixed Platforms.Build.0 = Release|Any CPU
		{E06B6358-DE64-4A8C-B5C0-56D52BBAF4EB}.Release|x86.ActiveCfg = Release|Any CPU
		{E06B6358-DE64-4A8C-B5C0-56D52BBAF4EB}.Release|x86.Build.0 = Release|Any CPU
		{EBFBA520-AC75-4CC2-B88C-1BED1A791E50}.Debug|Any CPU.ActiveCfg = Debug|Any CPU
		{EBFBA520-AC75-4CC2-B88C-1BED1A791E50}.Debug|Any CPU.Build.0 = Debug|Any CPU
		{EBFBA520-AC75-4CC2-B88C-1BED1A791E50}.Debug|Mixed Platforms.ActiveCfg = Debug|Any CPU
		{EBFBA520-AC75-4CC2-B88C-1BED1A791E50}.Debug|Mixed Platforms.Build.0 = Debug|Any CPU
		{EBFBA520-AC75-4CC2-B88C-1BED1A791E50}.Debug|x86.ActiveCfg = Debug|Any CPU
		{EBFBA520-AC75-4CC2-B88C-1BED1A791E50}.Debug|x86.Build.0 = Debug|Any CPU
		{EBFBA520-AC75-4CC2-B88C-1BED1A791E50}.EasyTest|Any CPU.ActiveCfg = Release|Any CPU
		{EBFBA520-AC75-4CC2-B88C-1BED1A791E50}.EasyTest|Any CPU.Build.0 = Release|Any CPU
		{EBFBA520-AC75-4CC2-B88C-1BED1A791E50}.EasyTest|Mixed Platforms.ActiveCfg = Release|Any CPU
		{EBFBA520-AC75-4CC2-B88C-1BED1A791E50}.EasyTest|Mixed Platforms.Build.0 = Release|Any CPU
		{EBFBA520-AC75-4CC2-B88C-1BED1A791E50}.EasyTest|x86.ActiveCfg = Release|Any CPU
		{EBFBA520-AC75-4CC2-B88C-1BED1A791E50}.Release|Any CPU.ActiveCfg = Release|Any CPU
		{EBFBA520-AC75-4CC2-B88C-1BED1A791E50}.Release|Any CPU.Build.0 = Release|Any CPU
		{EBFBA520-AC75-4CC2-B88C-1BED1A791E50}.Release|Mixed Platforms.ActiveCfg = Release|Any CPU
		{EBFBA520-AC75-4CC2-B88C-1BED1A791E50}.Release|Mixed Platforms.Build.0 = Release|Any CPU
		{EBFBA520-AC75-4CC2-B88C-1BED1A791E50}.Release|x86.ActiveCfg = Release|Any CPU
		{EBFBA520-AC75-4CC2-B88C-1BED1A791E50}.Release|x86.Build.0 = Release|Any CPU
		{6E157F39-C431-4793-9703-B7607370AAB2}.Debug|Any CPU.ActiveCfg = Debug|Any CPU
		{6E157F39-C431-4793-9703-B7607370AAB2}.Debug|Any CPU.Build.0 = Debug|Any CPU
		{6E157F39-C431-4793-9703-B7607370AAB2}.Debug|Mixed Platforms.ActiveCfg = Debug|Any CPU
		{6E157F39-C431-4793-9703-B7607370AAB2}.Debug|Mixed Platforms.Build.0 = Debug|Any CPU
		{6E157F39-C431-4793-9703-B7607370AAB2}.Debug|x86.ActiveCfg = Debug|Any CPU
		{6E157F39-C431-4793-9703-B7607370AAB2}.Debug|x86.Build.0 = Debug|Any CPU
		{6E157F39-C431-4793-9703-B7607370AAB2}.EasyTest|Any CPU.ActiveCfg = Release|Any CPU
		{6E157F39-C431-4793-9703-B7607370AAB2}.EasyTest|Any CPU.Build.0 = Release|Any CPU
		{6E157F39-C431-4793-9703-B7607370AAB2}.EasyTest|Mixed Platforms.ActiveCfg = Release|Any CPU
		{6E157F39-C431-4793-9703-B7607370AAB2}.EasyTest|Mixed Platforms.Build.0 = Release|Any CPU
		{6E157F39-C431-4793-9703-B7607370AAB2}.EasyTest|x86.ActiveCfg = Release|Any CPU
		{6E157F39-C431-4793-9703-B7607370AAB2}.Release|Any CPU.ActiveCfg = Release|Any CPU
		{6E157F39-C431-4793-9703-B7607370AAB2}.Release|Any CPU.Build.0 = Release|Any CPU
		{6E157F39-C431-4793-9703-B7607370AAB2}.Release|Mixed Platforms.ActiveCfg = Release|Any CPU
		{6E157F39-C431-4793-9703-B7607370AAB2}.Release|Mixed Platforms.Build.0 = Release|Any CPU
		{6E157F39-C431-4793-9703-B7607370AAB2}.Release|x86.ActiveCfg = Release|Any CPU
		{6E157F39-C431-4793-9703-B7607370AAB2}.Release|x86.Build.0 = Release|Any CPU
		{B27FBA83-F039-40FE-9DEE-C75EA6695ADA}.Debug|Any CPU.ActiveCfg = Debug|Any CPU
		{B27FBA83-F039-40FE-9DEE-C75EA6695ADA}.Debug|Any CPU.Build.0 = Debug|Any CPU
		{B27FBA83-F039-40FE-9DEE-C75EA6695ADA}.Debug|Mixed Platforms.ActiveCfg = Debug|Any CPU
		{B27FBA83-F039-40FE-9DEE-C75EA6695ADA}.Debug|Mixed Platforms.Build.0 = Debug|Any CPU
		{B27FBA83-F039-40FE-9DEE-C75EA6695ADA}.Debug|x86.ActiveCfg = Debug|Any CPU
		{B27FBA83-F039-40FE-9DEE-C75EA6695ADA}.Debug|x86.Build.0 = Debug|Any CPU
		{B27FBA83-F039-40FE-9DEE-C75EA6695ADA}.EasyTest|Any CPU.ActiveCfg = Release|Any CPU
		{B27FBA83-F039-40FE-9DEE-C75EA6695ADA}.EasyTest|Any CPU.Build.0 = Release|Any CPU
		{B27FBA83-F039-40FE-9DEE-C75EA6695ADA}.EasyTest|Mixed Platforms.ActiveCfg = Release|Any CPU
		{B27FBA83-F039-40FE-9DEE-C75EA6695ADA}.EasyTest|Mixed Platforms.Build.0 = Release|Any CPU
		{B27FBA83-F039-40FE-9DEE-C75EA6695ADA}.EasyTest|x86.ActiveCfg = Release|Any CPU
		{B27FBA83-F039-40FE-9DEE-C75EA6695ADA}.Release|Any CPU.ActiveCfg = Release|Any CPU
		{B27FBA83-F039-40FE-9DEE-C75EA6695ADA}.Release|Any CPU.Build.0 = Release|Any CPU
		{B27FBA83-F039-40FE-9DEE-C75EA6695ADA}.Release|Mixed Platforms.ActiveCfg = Release|Any CPU
		{B27FBA83-F039-40FE-9DEE-C75EA6695ADA}.Release|Mixed Platforms.Build.0 = Release|Any CPU
		{B27FBA83-F039-40FE-9DEE-C75EA6695ADA}.Release|x86.ActiveCfg = Release|Any CPU
		{B27FBA83-F039-40FE-9DEE-C75EA6695ADA}.Release|x86.Build.0 = Release|Any CPU
		{52C2F3A9-5D53-4785-B60C-A149F7C51A19}.Debug|Any CPU.ActiveCfg = Debug|Any CPU
		{52C2F3A9-5D53-4785-B60C-A149F7C51A19}.Debug|Any CPU.Build.0 = Debug|Any CPU
		{52C2F3A9-5D53-4785-B60C-A149F7C51A19}.Debug|Mixed Platforms.ActiveCfg = Debug|Any CPU
		{52C2F3A9-5D53-4785-B60C-A149F7C51A19}.Debug|Mixed Platforms.Build.0 = Debug|Any CPU
		{52C2F3A9-5D53-4785-B60C-A149F7C51A19}.Debug|x86.ActiveCfg = Debug|Any CPU
		{52C2F3A9-5D53-4785-B60C-A149F7C51A19}.EasyTest|Any CPU.ActiveCfg = Release|Any CPU
		{52C2F3A9-5D53-4785-B60C-A149F7C51A19}.EasyTest|Any CPU.Build.0 = Release|Any CPU
		{52C2F3A9-5D53-4785-B60C-A149F7C51A19}.EasyTest|Mixed Platforms.ActiveCfg = Release|Any CPU
		{52C2F3A9-5D53-4785-B60C-A149F7C51A19}.EasyTest|Mixed Platforms.Build.0 = Release|Any CPU
		{52C2F3A9-5D53-4785-B60C-A149F7C51A19}.EasyTest|x86.ActiveCfg = Release|Any CPU
		{52C2F3A9-5D53-4785-B60C-A149F7C51A19}.Release|Any CPU.ActiveCfg = Release|Any CPU
		{52C2F3A9-5D53-4785-B60C-A149F7C51A19}.Release|Any CPU.Build.0 = Release|Any CPU
		{52C2F3A9-5D53-4785-B60C-A149F7C51A19}.Release|Mixed Platforms.ActiveCfg = Release|Any CPU
		{52C2F3A9-5D53-4785-B60C-A149F7C51A19}.Release|Mixed Platforms.Build.0 = Release|Any CPU
		{52C2F3A9-5D53-4785-B60C-A149F7C51A19}.Release|x86.ActiveCfg = Release|Any CPU
		{D6EB5D2D-8A0E-4D47-BFDE-DC251444E213}.Debug|Any CPU.ActiveCfg = Debug|Any CPU
		{D6EB5D2D-8A0E-4D47-BFDE-DC251444E213}.Debug|Any CPU.Build.0 = Debug|Any CPU
		{D6EB5D2D-8A0E-4D47-BFDE-DC251444E213}.Debug|Mixed Platforms.ActiveCfg = Debug|Any CPU
		{D6EB5D2D-8A0E-4D47-BFDE-DC251444E213}.Debug|Mixed Platforms.Build.0 = Debug|Any CPU
		{D6EB5D2D-8A0E-4D47-BFDE-DC251444E213}.Debug|x86.ActiveCfg = Debug|Any CPU
		{D6EB5D2D-8A0E-4D47-BFDE-DC251444E213}.EasyTest|Any CPU.ActiveCfg = Release|Any CPU
		{D6EB5D2D-8A0E-4D47-BFDE-DC251444E213}.EasyTest|Any CPU.Build.0 = Release|Any CPU
		{D6EB5D2D-8A0E-4D47-BFDE-DC251444E213}.EasyTest|Mixed Platforms.ActiveCfg = Release|Any CPU
		{D6EB5D2D-8A0E-4D47-BFDE-DC251444E213}.EasyTest|Mixed Platforms.Build.0 = Release|Any CPU
		{D6EB5D2D-8A0E-4D47-BFDE-DC251444E213}.EasyTest|x86.ActiveCfg = Release|Any CPU
		{D6EB5D2D-8A0E-4D47-BFDE-DC251444E213}.Release|Any CPU.ActiveCfg = Release|Any CPU
		{D6EB5D2D-8A0E-4D47-BFDE-DC251444E213}.Release|Any CPU.Build.0 = Release|Any CPU
		{D6EB5D2D-8A0E-4D47-BFDE-DC251444E213}.Release|Mixed Platforms.ActiveCfg = Release|Any CPU
		{D6EB5D2D-8A0E-4D47-BFDE-DC251444E213}.Release|Mixed Platforms.Build.0 = Release|Any CPU
		{D6EB5D2D-8A0E-4D47-BFDE-DC251444E213}.Release|x86.ActiveCfg = Release|Any CPU
		{C2F97A75-C4BD-40DF-B59A-2160BF586615}.Debug|Any CPU.ActiveCfg = Debug|Any CPU
		{C2F97A75-C4BD-40DF-B59A-2160BF586615}.Debug|Any CPU.Build.0 = Debug|Any CPU
		{C2F97A75-C4BD-40DF-B59A-2160BF586615}.Debug|Mixed Platforms.ActiveCfg = Debug|Any CPU
		{C2F97A75-C4BD-40DF-B59A-2160BF586615}.Debug|Mixed Platforms.Build.0 = Debug|Any CPU
		{C2F97A75-C4BD-40DF-B59A-2160BF586615}.Debug|x86.ActiveCfg = Debug|Any CPU
		{C2F97A75-C4BD-40DF-B59A-2160BF586615}.EasyTest|Any CPU.ActiveCfg = Release|Any CPU
		{C2F97A75-C4BD-40DF-B59A-2160BF586615}.EasyTest|Any CPU.Build.0 = Release|Any CPU
		{C2F97A75-C4BD-40DF-B59A-2160BF586615}.EasyTest|Mixed Platforms.ActiveCfg = Release|Any CPU
		{C2F97A75-C4BD-40DF-B59A-2160BF586615}.EasyTest|Mixed Platforms.Build.0 = Release|Any CPU
		{C2F97A75-C4BD-40DF-B59A-2160BF586615}.EasyTest|x86.ActiveCfg = Release|Any CPU
		{C2F97A75-C4BD-40DF-B59A-2160BF586615}.Release|Any CPU.ActiveCfg = Release|Any CPU
		{C2F97A75-C4BD-40DF-B59A-2160BF586615}.Release|Any CPU.Build.0 = Release|Any CPU
		{C2F97A75-C4BD-40DF-B59A-2160BF586615}.Release|Mixed Platforms.ActiveCfg = Release|Any CPU
		{C2F97A75-C4BD-40DF-B59A-2160BF586615}.Release|Mixed Platforms.Build.0 = Release|Any CPU
		{C2F97A75-C4BD-40DF-B59A-2160BF586615}.Release|x86.ActiveCfg = Release|Any CPU
		{C4B845B6-D7AF-46D1-81A0-08ABC28C2820}.Debug|Any CPU.ActiveCfg = Debug|Any CPU
		{C4B845B6-D7AF-46D1-81A0-08ABC28C2820}.Debug|Any CPU.Build.0 = Debug|Any CPU
		{C4B845B6-D7AF-46D1-81A0-08ABC28C2820}.Debug|Mixed Platforms.ActiveCfg = Debug|Any CPU
		{C4B845B6-D7AF-46D1-81A0-08ABC28C2820}.Debug|Mixed Platforms.Build.0 = Debug|Any CPU
		{C4B845B6-D7AF-46D1-81A0-08ABC28C2820}.Debug|x86.ActiveCfg = Debug|Any CPU
		{C4B845B6-D7AF-46D1-81A0-08ABC28C2820}.Debug|x86.Build.0 = Debug|Any CPU
		{C4B845B6-D7AF-46D1-81A0-08ABC28C2820}.EasyTest|Any CPU.ActiveCfg = Release|Any CPU
		{C4B845B6-D7AF-46D1-81A0-08ABC28C2820}.EasyTest|Any CPU.Build.0 = Release|Any CPU
		{C4B845B6-D7AF-46D1-81A0-08ABC28C2820}.EasyTest|Mixed Platforms.ActiveCfg = Release|Any CPU
		{C4B845B6-D7AF-46D1-81A0-08ABC28C2820}.EasyTest|Mixed Platforms.Build.0 = Release|Any CPU
		{C4B845B6-D7AF-46D1-81A0-08ABC28C2820}.EasyTest|x86.ActiveCfg = Release|Any CPU
		{C4B845B6-D7AF-46D1-81A0-08ABC28C2820}.EasyTest|x86.Build.0 = Release|Any CPU
		{C4B845B6-D7AF-46D1-81A0-08ABC28C2820}.Release|Any CPU.ActiveCfg = Release|Any CPU
		{C4B845B6-D7AF-46D1-81A0-08ABC28C2820}.Release|Any CPU.Build.0 = Release|Any CPU
		{C4B845B6-D7AF-46D1-81A0-08ABC28C2820}.Release|Mixed Platforms.ActiveCfg = Release|Any CPU
		{C4B845B6-D7AF-46D1-81A0-08ABC28C2820}.Release|Mixed Platforms.Build.0 = Release|Any CPU
		{C4B845B6-D7AF-46D1-81A0-08ABC28C2820}.Release|x86.ActiveCfg = Release|Any CPU
		{C4B845B6-D7AF-46D1-81A0-08ABC28C2820}.Release|x86.Build.0 = Release|Any CPU
		{96697E9E-40E6-4539-A947-94866042BA82}.Debug|Any CPU.ActiveCfg = Debug|Any CPU
		{96697E9E-40E6-4539-A947-94866042BA82}.Debug|Any CPU.Build.0 = Debug|Any CPU
		{96697E9E-40E6-4539-A947-94866042BA82}.Debug|Mixed Platforms.ActiveCfg = Debug|Any CPU
		{96697E9E-40E6-4539-A947-94866042BA82}.Debug|Mixed Platforms.Build.0 = Debug|Any CPU
		{96697E9E-40E6-4539-A947-94866042BA82}.Debug|x86.ActiveCfg = Debug|Any CPU
		{96697E9E-40E6-4539-A947-94866042BA82}.Debug|x86.Build.0 = Debug|Any CPU
		{96697E9E-40E6-4539-A947-94866042BA82}.EasyTest|Any CPU.ActiveCfg = Release|Any CPU
		{96697E9E-40E6-4539-A947-94866042BA82}.EasyTest|Any CPU.Build.0 = Release|Any CPU
		{96697E9E-40E6-4539-A947-94866042BA82}.EasyTest|Mixed Platforms.ActiveCfg = Release|Any CPU
		{96697E9E-40E6-4539-A947-94866042BA82}.EasyTest|Mixed Platforms.Build.0 = Release|Any CPU
		{96697E9E-40E6-4539-A947-94866042BA82}.EasyTest|x86.ActiveCfg = Release|Any CPU
		{96697E9E-40E6-4539-A947-94866042BA82}.EasyTest|x86.Build.0 = Release|Any CPU
		{96697E9E-40E6-4539-A947-94866042BA82}.Release|Any CPU.ActiveCfg = Release|Any CPU
		{96697E9E-40E6-4539-A947-94866042BA82}.Release|Any CPU.Build.0 = Release|Any CPU
		{96697E9E-40E6-4539-A947-94866042BA82}.Release|Mixed Platforms.ActiveCfg = Release|Any CPU
		{96697E9E-40E6-4539-A947-94866042BA82}.Release|Mixed Platforms.Build.0 = Release|Any CPU
		{96697E9E-40E6-4539-A947-94866042BA82}.Release|x86.ActiveCfg = Release|Any CPU
		{96697E9E-40E6-4539-A947-94866042BA82}.Release|x86.Build.0 = Release|Any CPU
	EndGlobalSection
	GlobalSection(SolutionProperties) = preSolution
		HideSolutionNode = FALSE
	EndGlobalSection
	GlobalSection(ExtensibilityGlobals) = postSolution
		SolutionGuid = {2DE47A41-1158-4C5E-B27B-558DD7B469FF}
	EndGlobalSection
EndGlobal
